
Microsoft Visual Studio Solution File, Format Version 12.00
# Visual Studio Version 16
VisualStudioVersion = 16.0.30204.135
MinimumVisualStudioVersion = 10.0.40219.1
Project("{FAE04EC0-301F-11D3-BF4B-00C04F79EFBC}") = "MK64 Helper", "CopyMan\MK64 Helper.csproj", "{50244D89-56E7-456B-8637-DA9808DB3D72}"
EndProject
Project("{FAE04EC0-301F-11D3-BF4B-00C04F79EFBC}") = "Tarmac64 Library", "..\..\Tarmac64\tarmac\Tarmac64 Library\Tarmac64 Library.csproj", "{BD044BBD-727B-40AC-B6BA-087E81864333}"
EndProject
Global
	GlobalSection(SolutionConfigurationPlatforms) = preSolution
		Debug|Any CPU = Debug|Any CPU
		Release|Any CPU = Release|Any CPU
	EndGlobalSection
	GlobalSection(ProjectConfigurationPlatforms) = postSolution
		{50244D89-56E7-456B-8637-DA9808DB3D72}.Debug|Any CPU.ActiveCfg = Debug|Any CPU
		{50244D89-56E7-456B-8637-DA9808DB3D72}.Debug|Any CPU.Build.0 = Debug|Any CPU
		{50244D89-56E7-456B-8637-DA9808DB3D72}.Release|Any CPU.ActiveCfg = Release|Any CPU
		{50244D89-56E7-456B-8637-DA9808DB3D72}.Release|Any CPU.Build.0 = Release|Any CPU
		{BD044BBD-727B-40AC-B6BA-087E81864333}.Debug|Any CPU.ActiveCfg = Debug|Any CPU
		{BD044BBD-727B-40AC-B6BA-087E81864333}.Debug|Any CPU.Build.0 = Debug|Any CPU
		{BD044BBD-727B-40AC-B6BA-087E81864333}.Release|Any CPU.ActiveCfg = Release|Any CPU
		{BD044BBD-727B-40AC-B6BA-087E81864333}.Release|Any CPU.Build.0 = Release|Any CPU
	EndGlobalSection
	GlobalSection(SolutionProperties) = preSolution
		HideSolutionNode = FALSE
	EndGlobalSection
	GlobalSection(ExtensibilityGlobals) = postSolution
		SolutionGuid = {5E00E034-50D4-440C-A8BE-31F03BEAA004}
	EndGlobalSection
EndGlobal
